
Microsoft Visual Studio Solution File, Format Version 12.00
Project("{FAE04EC0-301F-11D3-BF4B-00C04F79EFBC}") = "PaelCharacter", "PaelCharacter.csproj", "{17DC0511-5D1B-4EB4-AFA4-EB4A5D943BBD}"
EndProject
Global
	GlobalSection(SolutionConfigurationPlatforms) = preSolution
		Debug|Any CPU = Debug|Any CPU
		ExportDebug|Any CPU = ExportDebug|Any CPU
		ExportRelease|Any CPU = ExportRelease|Any CPU
	EndGlobalSection
	GlobalSection(ProjectConfigurationPlatforms) = postSolution
		{17DC0511-5D1B-4EB4-AFA4-EB4A5D943BBD}.Debug|Any CPU.ActiveCfg = Debug|Any CPU
		{17DC0511-5D1B-4EB4-AFA4-EB4A5D943BBD}.Debug|Any CPU.Build.0 = Debug|Any CPU
		{17DC0511-5D1B-4EB4-AFA4-EB4A5D943BBD}.ExportDebug|Any CPU.ActiveCfg = ExportDebug|Any CPU
		{17DC0511-5D1B-4EB4-AFA4-EB4A5D943BBD}.ExportDebug|Any CPU.Build.0 = ExportDebug|Any CPU
		{17DC0511-5D1B-4EB4-AFA4-EB4A5D943BBD}.ExportRelease|Any CPU.ActiveCfg = ExportRelease|Any CPU
		{17DC0511-5D1B-4EB4-AFA4-EB4A5D943BBD}.ExportRelease|Any CPU.Build.0 = ExportRelease|Any CPU
	EndGlobalSection
EndGlobal
